
Microsoft Visual Studio Solution File, Format Version 12.00
# Visual Studio Version 16
VisualStudioVersion = 16.0.33423.256
MinimumVisualStudioVersion = 10.0.40219.1
Project("{FAE04EC0-301F-11D3-BF4B-00C04F79EFBC}") = "Ex01_01", "Ex01_01\Ex01_01.csproj", "{DE9020C1-CBE1-4573-8BC2-006F57EF6EA9}"
EndProject
Project("{FAE04EC0-301F-11D3-BF4B-00C04F79EFBC}") = "Ex01_02", "Ex01_02\Ex01_02.csproj", "{835CD723-C76C-4E24-B997-4039826AF433}"
EndProject
Project("{FAE04EC0-301F-11D3-BF4B-00C04F79EFBC}") = "Ex01_03", "Ex01_03\Ex01_03.csproj", "{7620A139-7880-4B05-8A12-743A1C24F6BD}"
EndProject
Global
	GlobalSection(SolutionConfigurationPlatforms) = preSolution
		Debug|Any CPU = Debug|Any CPU
		Debug|x64 = Debug|x64
		Debug|x86 = Debug|x86
		Release|Any CPU = Release|Any CPU
		Release|x64 = Release|x64
		Release|x86 = Release|x86
	EndGlobalSection
	GlobalSection(ProjectConfigurationPlatforms) = postSolution
		{DE9020C1-CBE1-4573-8BC2-006F57EF6EA9}.Debug|Any CPU.ActiveCfg = Debug|Any CPU
		{DE9020C1-CBE1-4573-8BC2-006F57EF6EA9}.Debug|Any CPU.Build.0 = Debug|Any CPU
		{DE9020C1-CBE1-4573-8BC2-006F57EF6EA9}.Debug|x64.ActiveCfg = Debug|Any CPU
		{DE9020C1-CBE1-4573-8BC2-006F57EF6EA9}.Debug|x64.Build.0 = Debug|Any CPU
		{DE9020C1-CBE1-4573-8BC2-006F57EF6EA9}.Debug|x86.ActiveCfg = Debug|Any CPU
		{DE9020C1-CBE1-4573-8BC2-006F57EF6EA9}.Debug|x86.Build.0 = Debug|Any CPU
		{DE9020C1-CBE1-4573-8BC2-006F57EF6EA9}.Release|Any CPU.ActiveCfg = Release|Any CPU
		{DE9020C1-CBE1-4573-8BC2-006F57EF6EA9}.Release|Any CPU.Build.0 = Release|Any CPU
		{DE9020C1-CBE1-4573-8BC2-006F57EF6EA9}.Release|x64.ActiveCfg = Release|Any CPU
		{DE9020C1-CBE1-4573-8BC2-006F57EF6EA9}.Release|x64.Build.0 = Release|Any CPU
		{DE9020C1-CBE1-4573-8BC2-006F57EF6EA9}.Release|x86.ActiveCfg = Release|Any CPU
		{DE9020C1-CBE1-4573-8BC2-006F57EF6EA9}.Release|x86.Build.0 = Release|Any CPU
		{835CD723-C76C-4E24-B997-4039826AF433}.Debug|Any CPU.ActiveCfg = Debug|Any CPU
		{835CD723-C76C-4E24-B997-4039826AF433}.Debug|Any CPU.Build.0 = Debug|Any CPU
		{835CD723-C76C-4E24-B997-4039826AF433}.Debug|x64.ActiveCfg = Debug|Any CPU
		{835CD723-C76C-4E24-B997-4039826AF433}.Debug|x64.Build.0 = Debug|Any CPU
		{835CD723-C76C-4E24-B997-4039826AF433}.Debug|x86.ActiveCfg = Debug|Any CPU
		{835CD723-C76C-4E24-B997-4039826AF433}.Debug|x86.Build.0 = Debug|Any CPU
		{835CD723-C76C-4E24-B997-4039826AF433}.Release|Any CPU.ActiveCfg = Release|Any CPU
		{835CD723-C76C-4E24-B997-4039826AF433}.Release|Any CPU.Build.0 = Release|Any CPU
		{835CD723-C76C-4E24-B997-4039826AF433}.Release|x64.ActiveCfg = Release|Any CPU
		{835CD723-C76C-4E24-B997-4039826AF433}.Release|x64.Build.0 = Release|Any CPU
		{835CD723-C76C-4E24-B997-4039826AF433}.Release|x86.ActiveCfg = Release|Any CPU
		{835CD723-C76C-4E24-B997-4039826AF433}.Release|x86.Build.0 = Release|Any CPU
		{7620A139-7880-4B05-8A12-743A1C24F6BD}.Debug|Any CPU.ActiveCfg = Debug|Any CPU
		{7620A139-7880-4B05-8A12-743A1C24F6BD}.Debug|Any CPU.Build.0 = Debug|Any CPU
		{7620A139-7880-4B05-8A12-743A1C24F6BD}.Debug|x64.ActiveCfg = Debug|Any CPU
		{7620A139-7880-4B05-8A12-743A1C24F6BD}.Debug|x64.Build.0 = Debug|Any CPU
		{7620A139-7880-4B05-8A12-743A1C24F6BD}.Debug|x86.ActiveCfg = Debug|Any CPU
		{7620A139-7880-4B05-8A12-743A1C24F6BD}.Debug|x86.Build.0 = Debug|Any CPU
		{7620A139-7880-4B05-8A12-743A1C24F6BD}.Release|Any CPU.ActiveCfg = Release|Any CPU
		{7620A139-7880-4B05-8A12-743A1C24F6BD}.Release|Any CPU.Build.0 = Release|Any CPU
		{7620A139-7880-4B05-8A12-743A1C24F6BD}.Release|x64.ActiveCfg = Release|Any CPU
		{7620A139-7880-4B05-8A12-743A1C24F6BD}.Release|x64.Build.0 = Release|Any CPU
		{7620A139-7880-4B05-8A12-743A1C24F6BD}.Release|x86.ActiveCfg = Release|Any CPU
		{7620A139-7880-4B05-8A12-743A1C24F6BD}.Release|x86.Build.0 = Release|Any CPU
	EndGlobalSection
	GlobalSection(SolutionProperties) = preSolution
		HideSolutionNode = FALSE
	EndGlobalSection
	GlobalSection(ExtensibilityGlobals) = postSolution
		SolutionGuid = {9043808E-DF0A-47DC-A2B3-9BB766E2DD5E}
	EndGlobalSection
EndGlobal
